
Microsoft Visual Studio Solution File, Format Version 12.00
# Visual Studio Version 17
VisualStudioVersion = 17.5.33424.131
MinimumVisualStudioVersion = 10.0.40219.1
Project("{9A19103F-16F7-4668-BE54-9A1E7A4F7556}") = "MetaMoodAWSAPI", "MetaMoodAWSAPI\MetaMoodAWSAPI.csproj", "{9EFF6686-99AB-4EBC-A2E6-FEAF49A5AF48}"
EndProject
Project("{9A19103F-16F7-4668-BE54-9A1E7A4F7556}") = "MetaMoodAWSAPI.Tests", "MetaMoodAWSAPI.Tests\MetaMoodAWSAPI.Tests.csproj", "{B1950B50-7732-4CE7-BC1E-D48A8CE6793D}"
EndProject
Global
	GlobalSection(SolutionConfigurationPlatforms) = preSolution
		Debug|Any CPU = Debug|Any CPU
		Release|Any CPU = Release|Any CPU
	EndGlobalSection
	GlobalSection(ProjectConfigurationPlatforms) = postSolution
		{9EFF6686-99AB-4EBC-A2E6-FEAF49A5AF48}.Debug|Any CPU.ActiveCfg = Debug|Any CPU
		{9EFF6686-99AB-4EBC-A2E6-FEAF49A5AF48}.Debug|Any CPU.Build.0 = Debug|Any CPU
		{9EFF6686-99AB-4EBC-A2E6-FEAF49A5AF48}.Release|Any CPU.ActiveCfg = Release|Any CPU
		{9EFF6686-99AB-4EBC-A2E6-FEAF49A5AF48}.Release|Any CPU.Build.0 = Release|Any CPU
		{B1950B50-7732-4CE7-BC1E-D48A8CE6793D}.Debug|Any CPU.ActiveCfg = Debug|Any CPU
		{B1950B50-7732-4CE7-BC1E-D48A8CE6793D}.Debug|Any CPU.Build.0 = Debug|Any CPU
		{B1950B50-7732-4CE7-BC1E-D48A8CE6793D}.Release|Any CPU.ActiveCfg = Release|Any CPU
		{B1950B50-7732-4CE7-BC1E-D48A8CE6793D}.Release|Any CPU.Build.0 = Release|Any CPU
	EndGlobalSection
	GlobalSection(SolutionProperties) = preSolution
		HideSolutionNode = FALSE
	EndGlobalSection
	GlobalSection(ExtensibilityGlobals) = postSolution
		SolutionGuid = {20A54359-5C86-4489-80E5-E48D5EB8ECC0}
	EndGlobalSection
EndGlobal
